
Microsoft Visual Studio Solution File, Format Version 12.00
# Visual Studio 15
VisualStudioVersion = 15.0.27428.2043
MinimumVisualStudioVersion = 10.0.40219.1
Project("{FAE04EC0-301F-11D3-BF4B-00C04F79EFBC}") = "DecisionTree", "DecisionTree\DecisionTree.csproj", "{FE52F334-3974-4FA8-8362-0E8391E0DB4A}"
EndProject
Global
	GlobalSection(SolutionConfigurationPlatforms) = preSolution
		Debug|Any CPU = Debug|Any CPU
		Release|Any CPU = Release|Any CPU
	EndGlobalSection
	GlobalSection(ProjectConfigurationPlatforms) = postSolution
		{FE52F334-3974-4FA8-8362-0E8391E0DB4A}.Debug|Any CPU.ActiveCfg = Debug|Any CPU
		{FE52F334-3974-4FA8-8362-0E8391E0DB4A}.Debug|Any CPU.Build.0 = Debug|Any CPU
		{FE52F334-3974-4FA8-8362-0E8391E0DB4A}.Release|Any CPU.ActiveCfg = Release|Any CPU
		{FE52F334-3974-4FA8-8362-0E8391E0DB4A}.Release|Any CPU.Build.0 = Release|Any CPU
	EndGlobalSection
	GlobalSection(SolutionProperties) = preSolution
		HideSolutionNode = FALSE
	EndGlobalSection
	GlobalSection(ExtensibilityGlobals) = postSolution
		SolutionGuid = {F871D41B-D717-4F83-ACDC-B82F3934C3EC}
	EndGlobalSection
EndGlobal
